PODS:
  - Capacitor (5.5.1):
    - CapacitorCordova
  - CapacitorCommunityTextToSpeech (3.0.1):
    - Capacitor
  - CapacitorCordova (5.5.1)

DEPENDENCIES:
  - "Capacitor (from `../../node_modules/@capacitor/ios`)"
  - "CapacitorCommunityTextToSpeech (from `../../node_modules/@capacitor-community/text-to-speech`)"
  - "CapacitorCordova (from `../../node_modules/@capacitor/ios`)"

EXTERNAL SOURCES:
  Capacitor:
    :path: "../../node_modules/@capacitor/ios"
  CapacitorCommunityTextToSpeech:
    :path: "../../node_modules/@capacitor-community/text-to-speech"
  CapacitorCordova:
    :path: "../../node_modules/@capacitor/ios"

SPEC CHECKSUMS:
  Capacitor: 9da0a2415e3b6098511f8b5ffdb578d91ee79f8f
  CapacitorCommunityTextToSpeech: a47d2746124fc06f1018791b3f154cfd2c5c4fe6
  CapacitorCordova: e128cc7688c070ca0bfa439898a5f609da8dbcfe

PODFILE CHECKSUM: c8538e46daa36e7846d194828c8b83971ca0688d

COCOAPODS: 1.14.2
